
Microsoft Visual Studio Solution File, Format Version 12.00
# Visual Studio Version 16
VisualStudioVersion = 16.0.32228.343
MinimumVisualStudioVersion = 10.0.40219.1
Project("{FAE04EC0-301F-11D3-BF4B-00C04F79EFBC}") = "Assi_3_Q1_Aayushi", "Assi_3_Q1_Aayushi\Assi_3_Q1_Aayushi.csproj", "{DA3890F7-C358-4F49-BD56-1B4D36A68BCF}"
EndProject
Global
	GlobalSection(SolutionConfigurationPlatforms) = preSolution
		Debug|Any CPU = Debug|Any CPU
		Release|Any CPU = Release|Any CPU
	EndGlobalSection
	GlobalSection(ProjectConfigurationPlatforms) = postSolution
		{DA3890F7-C358-4F49-BD56-1B4D36A68BCF}.Debug|Any CPU.ActiveCfg = Debug|Any CPU
		{DA3890F7-C358-4F49-BD56-1B4D36A68BCF}.Debug|Any CPU.Build.0 = Debug|Any CPU
		{DA3890F7-C358-4F49-BD56-1B4D36A68BCF}.Release|Any CPU.ActiveCfg = Release|Any CPU
		{DA3890F7-C358-4F49-BD56-1B4D36A68BCF}.Release|Any CPU.Build.0 = Release|Any CPU
	EndGlobalSection
	GlobalSection(SolutionProperties) = preSolution
		HideSolutionNode = FALSE
	EndGlobalSection
	GlobalSection(ExtensibilityGlobals) = postSolution
		SolutionGuid = {AB4366F4-B322-4561-891B-496926CBC239}
	EndGlobalSection
EndGlobal
