
Microsoft Visual Studio Solution File, Format Version 12.00
# Visual Studio Version 16
VisualStudioVersion = 16.0.32228.343
MinimumVisualStudioVersion = 10.0.40219.1
Project("{FAE04EC0-301F-11D3-BF4B-00C04F79EFBC}") = "Assi_3_Q5_Aayushi", "Assi_3_Q5_Aayushi\Assi_3_Q5_Aayushi.csproj", "{77952E2C-7293-47EE-87C8-49BF687E7AA7}"
EndProject
Global
	GlobalSection(SolutionConfigurationPlatforms) = preSolution
		Debug|Any CPU = Debug|Any CPU
		Release|Any CPU = Release|Any CPU
	EndGlobalSection
	GlobalSection(ProjectConfigurationPlatforms) = postSolution
		{77952E2C-7293-47EE-87C8-49BF687E7AA7}.Debug|Any CPU.ActiveCfg = Debug|Any CPU
		{77952E2C-7293-47EE-87C8-49BF687E7AA7}.Debug|Any CPU.Build.0 = Debug|Any CPU
		{77952E2C-7293-47EE-87C8-49BF687E7AA7}.Release|Any CPU.ActiveCfg = Release|Any CPU
		{77952E2C-7293-47EE-87C8-49BF687E7AA7}.Release|Any CPU.Build.0 = Release|Any CPU
	EndGlobalSection
	GlobalSection(SolutionProperties) = preSolution
		HideSolutionNode = FALSE
	EndGlobalSection
	GlobalSection(ExtensibilityGlobals) = postSolution
		SolutionGuid = {84BB5514-375C-4CF9-8143-05519184FA47}
	EndGlobalSection
EndGlobal
