
Microsoft Visual Studio Solution File, Format Version 12.00
# Visual Studio Version 16
VisualStudioVersion = 16.0.32228.343
MinimumVisualStudioVersion = 10.0.40219.1
Project("{FAE04EC0-301F-11D3-BF4B-00C04F79EFBC}") = "Exam_Q4_Aayushi", "Exam_Q4_Aayushi\Exam_Q4_Aayushi.csproj", "{3710C88D-5DB6-4F0B-B9EE-9717DE837DCD}"
EndProject
Global
	GlobalSection(SolutionConfigurationPlatforms) = preSolution
		Debug|Any CPU = Debug|Any CPU
		Release|Any CPU = Release|Any CPU
	EndGlobalSection
	GlobalSection(ProjectConfigurationPlatforms) = postSolution
		{3710C88D-5DB6-4F0B-B9EE-9717DE837DCD}.Debug|Any CPU.ActiveCfg = Debug|Any CPU
		{3710C88D-5DB6-4F0B-B9EE-9717DE837DCD}.Debug|Any CPU.Build.0 = Debug|Any CPU
		{3710C88D-5DB6-4F0B-B9EE-9717DE837DCD}.Release|Any CPU.ActiveCfg = Release|Any CPU
		{3710C88D-5DB6-4F0B-B9EE-9717DE837DCD}.Release|Any CPU.Build.0 = Release|Any CPU
	EndGlobalSection
	GlobalSection(SolutionProperties) = preSolution
		HideSolutionNode = FALSE
	EndGlobalSection
	GlobalSection(ExtensibilityGlobals) = postSolution
		SolutionGuid = {37C78931-8A8B-4969-AC31-666CBE281872}
	EndGlobalSection
EndGlobal
