
Microsoft Visual Studio Solution File, Format Version 12.00
# Visual Studio Version 16
VisualStudioVersion = 16.0.32228.343
MinimumVisualStudioVersion = 10.0.40219.1
Project("{FAE04EC0-301F-11D3-BF4B-00C04F79EFBC}") = "Assi_1_Q9_Aayushi", "Assi_1_Q9_Aayushi\Assi_1_Q9_Aayushi.csproj", "{52B3372F-9602-488D-B048-ED4FFB916024}"
EndProject
Global
	GlobalSection(SolutionConfigurationPlatforms) = preSolution
		Debug|Any CPU = Debug|Any CPU
		Release|Any CPU = Release|Any CPU
	EndGlobalSection
	GlobalSection(ProjectConfigurationPlatforms) = postSolution
		{52B3372F-9602-488D-B048-ED4FFB916024}.Debug|Any CPU.ActiveCfg = Debug|Any CPU
		{52B3372F-9602-488D-B048-ED4FFB916024}.Debug|Any CPU.Build.0 = Debug|Any CPU
		{52B3372F-9602-488D-B048-ED4FFB916024}.Release|Any CPU.ActiveCfg = Release|Any CPU
		{52B3372F-9602-488D-B048-ED4FFB916024}.Release|Any CPU.Build.0 = Release|Any CPU
	EndGlobalSection
	GlobalSection(SolutionProperties) = preSolution
		HideSolutionNode = FALSE
	EndGlobalSection
	GlobalSection(ExtensibilityGlobals) = postSolution
		SolutionGuid = {08330F1C-2016-4AE5-938F-92FC7FFF82BD}
	EndGlobalSection
EndGlobal
