
Microsoft Visual Studio Solution File, Format Version 12.00
# Visual Studio Version 16
VisualStudioVersion = 16.0.32228.343
MinimumVisualStudioVersion = 10.0.40219.1
Project("{FAE04EC0-301F-11D3-BF4B-00C04F79EFBC}") = "assi_1_Q3_Aayushi", "assi_1_Q3_Aayushi\assi_1_Q3_Aayushi.csproj", "{20DF5291-7B95-48C2-8D62-08F4080D9D1C}"
EndProject
Global
	GlobalSection(SolutionConfigurationPlatforms) = preSolution
		Debug|Any CPU = Debug|Any CPU
		Release|Any CPU = Release|Any CPU
	EndGlobalSection
	GlobalSection(ProjectConfigurationPlatforms) = postSolution
		{20DF5291-7B95-48C2-8D62-08F4080D9D1C}.Debug|Any CPU.ActiveCfg = Debug|Any CPU
		{20DF5291-7B95-48C2-8D62-08F4080D9D1C}.Debug|Any CPU.Build.0 = Debug|Any CPU
		{20DF5291-7B95-48C2-8D62-08F4080D9D1C}.Release|Any CPU.ActiveCfg = Release|Any CPU
		{20DF5291-7B95-48C2-8D62-08F4080D9D1C}.Release|Any CPU.Build.0 = Release|Any CPU
	EndGlobalSection
	GlobalSection(SolutionProperties) = preSolution
		HideSolutionNode = FALSE
	EndGlobalSection
	GlobalSection(ExtensibilityGlobals) = postSolution
		SolutionGuid = {B97B1C58-E9CC-47DC-BE7D-19DC6418084A}
	EndGlobalSection
EndGlobal
