
Microsoft Visual Studio Solution File, Format Version 12.00
# Visual Studio Version 16
VisualStudioVersion = 16.0.32228.343
MinimumVisualStudioVersion = 10.0.40219.1
Project("{FAE04EC0-301F-11D3-BF4B-00C04F79EFBC}") = "assi_1_Q4_Aayushi", "assi_1_Q4_Aayushi\assi_1_Q4_Aayushi.csproj", "{18C5F4A5-75C1-4E26-A095-6C26087C2B8C}"
EndProject
Global
	GlobalSection(SolutionConfigurationPlatforms) = preSolution
		Debug|Any CPU = Debug|Any CPU
		Release|Any CPU = Release|Any CPU
	EndGlobalSection
	GlobalSection(ProjectConfigurationPlatforms) = postSolution
		{18C5F4A5-75C1-4E26-A095-6C26087C2B8C}.Debug|Any CPU.ActiveCfg = Debug|Any CPU
		{18C5F4A5-75C1-4E26-A095-6C26087C2B8C}.Debug|Any CPU.Build.0 = Debug|Any CPU
		{18C5F4A5-75C1-4E26-A095-6C26087C2B8C}.Release|Any CPU.ActiveCfg = Release|Any CPU
		{18C5F4A5-75C1-4E26-A095-6C26087C2B8C}.Release|Any CPU.Build.0 = Release|Any CPU
	EndGlobalSection
	GlobalSection(SolutionProperties) = preSolution
		HideSolutionNode = FALSE
	EndGlobalSection
	GlobalSection(ExtensibilityGlobals) = postSolution
		SolutionGuid = {83D3725B-24E9-4847-9F15-9D80EA0D3785}
	EndGlobalSection
EndGlobal
